
Microsoft Visual Studio Solution File, Format Version 12.00
# Visual Studio Version 16
VisualStudioVersion = 16.0.29728.190
MinimumVisualStudioVersion = 10.0.40219.1
Project("{9092AA53-FB77-4645-B42D-1CCCA6BD08BD}") = "extra-fresh", "extra-fresh.njsproj", "{8E6A6375-A92A-4DE2-8013-149E771FDDB3}"
EndProject
Global
	GlobalSection(SolutionConfigurationPlatforms) = preSolution
		Debug|Any CPU = Debug|Any CPU
		Release|Any CPU = Release|Any CPU
	EndGlobalSection
	GlobalSection(ProjectConfigurationPlatforms) = postSolution
		{8E6A6375-A92A-4DE2-8013-149E771FDDB3}.Debug|Any CPU.ActiveCfg = Debug|Any CPU
		{8E6A6375-A92A-4DE2-8013-149E771FDDB3}.Debug|Any CPU.Build.0 = Debug|Any CPU
		{8E6A6375-A92A-4DE2-8013-149E771FDDB3}.Release|Any CPU.ActiveCfg = Release|Any CPU
		{8E6A6375-A92A-4DE2-8013-149E771FDDB3}.Release|Any CPU.Build.0 = Release|Any CPU
	EndGlobalSection
	GlobalSection(SolutionProperties) = preSolution
		HideSolutionNode = FALSE
	EndGlobalSection
	GlobalSection(ExtensibilityGlobals) = postSolution
		SolutionGuid = {6059BC08-7D1A-46CB-BD6B-951B221952DD}
	EndGlobalSection
EndGlobal
